// !$*UTF8*$!
{
	archiveVersion = 1;
	classes = {
	};
	objectVersion = 46;
	objects = {

/* Begin PBXBuildFile section */
		5901685E19A78EEF00BE6472 /* Accounts.framework in Frameworks */ = {isa = PBXBuildFile; fileRef = 5901685D19A78EEF00BE6472 /* Accounts.framework */; };
		5901686019A78EF400BE6472 /* Twitter.framework in Frameworks */ = {isa = PBXBuildFile; fileRef = 5901685F19A78EF400BE6472 /* Twitter.framework */; };
		592A26AE199FE8B000CC910F /* AppDelegate.swift in Sources */ = {isa = PBXBuildFile; fileRef = 592A26AD199FE8B000CC910F /* AppDelegate.swift */; };
		592A26B0199FE8B000CC910F /* LandingViewController.swift in Sources */ = {isa = PBXBuildFile; fileRef = 592A26AF199FE8B000CC910F /* LandingViewController.swift */; };
		592A26B3199FE8B000CC910F /* Main.storyboard in Resources */ = {isa = PBXBuildFile; fileRef = 592A26B1199FE8B000CC910F /* Main.storyboard */; };
		592A26B5199FE8B000CC910F /* Images.xcassets in Resources */ = {isa = PBXBuildFile; fileRef = 592A26B4199FE8B000CC910F /* Images.xcassets */; };
		592A26C1199FE8B000CC910F /* CakeBirdTests.swift in Sources */ = {isa = PBXBuildFile; fileRef = 592A26C0199FE8B000CC910F /* CakeBirdTests.swift */; };
		592A26CB19A0624700CC910F /* SuperViewController.swift in Sources */ = {isa = PBXBuildFile; fileRef = 592A26CA19A0624700CC910F /* SuperViewController.swift */; };
		592A26D119A0648600CC910F /* UserManager.swift in Sources */ = {isa = PBXBuildFile; fileRef = 592A26D019A0648600CC910F /* UserManager.swift */; };
		592DAE0E1A8A7BAF004B1182 /* Crashlytics.framework in Frameworks */ = {isa = PBXBuildFile; fileRef = 592DAE0C1A8A7BAF004B1182 /* Crashlytics.framework */; };
		592DAE0F1A8A7BAF004B1182 /* Fabric.framework in Frameworks */ = {isa = PBXBuildFile; fileRef = 592DAE0D1A8A7BAF004B1182 /* Fabric.framework */; };
		5941920419A9527900CF43FA /* Tweet.swift in Sources */ = {isa = PBXBuildFile; fileRef = 5941920319A9527900CF43FA /* Tweet.swift */; };
		59B2133E19A8EA2200E20EC0 /* ProfileViewController.swift in Sources */ = {isa = PBXBuildFile; fileRef = 59B2133D19A8EA2200E20EC0 /* ProfileViewController.swift */; };
		59C9ACA419A94D44008FCC3D /* StreamViewController.swift in Sources */ = {isa = PBXBuildFile; fileRef = 59C9ACA319A94D44008FCC3D /* StreamViewController.swift */; };
		59C9ACA619A95137008FCC3D /* TweetCell.swift in Sources */ = {isa = PBXBuildFile; fileRef = 59C9ACA519A95137008FCC3D /* TweetCell.swift */; };
		59D82CA31A89DC7900C52294 /* WebHolderViewController.swift in Sources */ = {isa = PBXBuildFile; fileRef = 59D82CA21A89DC7900C52294 /* WebHolderViewController.swift */; };
		59E90E3B19A17A0B00CD0DB8 /* TwitterUser.swift in Sources */ = {isa = PBXBuildFile; fileRef = 59E90E3A19A17A0B00CD0DB8 /* TwitterUser.swift */; };
		59FD15C71A87C40F00219721 /* SwifteriOS.framework in Frameworks */ = {isa = PBXBuildFile; fileRef = 59FD15C41A87C2FF00219721 /* SwifteriOS.framework */; };
		59FD15C81A87C40F00219721 /* SwifteriOS.framework in Embed Frameworks */ = {isa = PBXBuildFile; fileRef = 59FD15C41A87C2FF00219721 /* SwifteriOS.framework */; settings = {ATTRIBUTES = (CodeSignOnCopy, RemoveHeadersOnCopy, ); }; };
		59FD15CB1A87C48700219721 /* LoginLandingViewController.swift in Sources */ = {isa = PBXBuildFile; fileRef = 59FD15CA1A87C48700219721 /* LoginLandingViewController.swift */; };
/* End PBXBuildFile section */

/* Begin PBXContainerItemProxy section */
		592A26BB199FE8B000CC910F /* PBXContainerItemProxy */ = {
			isa = PBXContainerItemProxy;
			containerPortal = 592A26A0199FE8B000CC910F /* Project object */;
			proxyType = 1;
			remoteGlobalIDString = 592A26A7199FE8B000CC910F;
			remoteInfo = CakeBird;
		};
/* End PBXContainerItemProxy section */

/* Begin PBXCopyFilesBuildPhase section */
		59FD15C91A87C40F00219721 /* Embed Frameworks */ = {
			isa = PBXCopyFilesBuildPhase;
			buildActionMask = 2147483647;
			dstPath = "";
			dstSubfolderSpec = 10;
			files = (
				59FD15C81A87C40F00219721 /* SwifteriOS.framework in Embed Frameworks */,
			);
			name = "Embed Frameworks";
			runOnlyForDeploymentPostprocessing = 0;
		};
/* End PBXCopyFilesBuildPhase section */

/* Begin PBXFileReference section */
		5901685D19A78EEF00BE6472 /* Accounts.framework */ = {isa = PBXFileReference; lastKnownFileType = wrapper.framework; name = Accounts.framework; path = System/Library/Frameworks/Accounts.framework; sourceTree = SDKROOT; };
		5901685F19A78EF400BE6472 /* Twitter.framework */ = {isa = PBXFileReference; lastKnownFileType = wrapper.framework; name = Twitter.framework; path = System/Library/Frameworks/Twitter.framework; sourceTree = SDKROOT; };
		5901686119A7904E00BE6472 /* CakeBird-Bridging-Header.h */ = {isa = PBXFileReference; lastKnownFileType = sourcecode.c.h; path = "CakeBird-Bridging-Header.h"; sourceTree = "<group>"; };
		592A26A8199FE8B000CC910F /* CakeBird.app */ = {isa = PBXFileReference; explicitFileType = wrapper.application; includeInIndex = 0; path = CakeBird.app; sourceTree = BUILT_PRODUCTS_DIR; };
		592A26AC199FE8B000CC910F /* Info.plist */ = {isa = PBXFileReference; lastKnownFileType = text.plist.xml; path = Info.plist; sourceTree = "<group>"; };
		592A26AD199FE8B000CC910F /* AppDelegate.swift */ = {isa = PBXFileReference; lastKnownFileType = sourcecode.swift; path = AppDelegate.swift; sourceTree = "<group>"; };
		592A26AF199FE8B000CC910F /* LandingViewController.swift */ = {isa = PBXFileReference; lastKnownFileType = sourcecode.swift; path = LandingViewController.swift; sourceTree = "<group>"; };
		592A26B2199FE8B000CC910F /* Base */ = {isa = PBXFileReference; lastKnownFileType = file.storyboard; name = Base; path = Base.lproj/Main.storyboard; sourceTree = "<group>"; };
		592A26B4199FE8B000CC910F /* Images.xcassets */ = {isa = PBXFileReference; lastKnownFileType = folder.assetcatalog; path = Images.xcassets; sourceTree = "<group>"; };
		592A26BA199FE8B000CC910F /* CakeBirdTests.xctest */ = {isa = PBXFileReference; explicitFileType = wrapper.cfbundle; includeInIndex = 0; path = CakeBirdTests.xctest; sourceTree = BUILT_PRODUCTS_DIR; };
		592A26BF199FE8B000CC910F /* Info.plist */ = {isa = PBXFileReference; lastKnownFileType = text.plist.xml; path = Info.plist; sourceTree = "<group>"; };
		592A26C0199FE8B000CC910F /* CakeBirdTests.swift */ = {isa = PBXFileReference; lastKnownFileType = sourcecode.swift; path = CakeBirdTests.swift; sourceTree = "<group>"; };
		592A26CA19A0624700CC910F /* SuperViewController.swift */ = {isa = PBXFileReference; fileEncoding = 4; lastKnownFileType = sourcecode.swift; path = SuperViewController.swift; sourceTree = "<group>"; };
		592A26D019A0648600CC910F /* UserManager.swift */ = {isa = PBXFileReference; fileEncoding = 4; lastKnownFileType = sourcecode.swift; path = UserManager.swift; sourceTree = "<group>"; };
		592DAE0C1A8A7BAF004B1182 /* Crashlytics.framework */ = {isa = PBXFileReference; lastKnownFileType = wrapper.framework; path = Crashlytics.framework; sourceTree = "<group>"; };
		592DAE0D1A8A7BAF004B1182 /* Fabric.framework */ = {isa = PBXFileReference; lastKnownFileType = wrapper.framework; path = Fabric.framework; sourceTree = "<group>"; };
		5941920319A9527900CF43FA /* Tweet.swift */ = {isa = PBXFileReference; fileEncoding = 4; lastKnownFileType = sourcecode.swift; path = Tweet.swift; sourceTree = "<group>"; };
		59B2133D19A8EA2200E20EC0 /* ProfileViewController.swift */ = {isa = PBXFileReference; fileEncoding = 4; lastKnownFileType = sourcecode.swift; path = ProfileViewController.swift; sourceTree = "<group>"; };
		59C9ACA319A94D44008FCC3D /* StreamViewController.swift */ = {isa = PBXFileReference; fileEncoding = 4; lastKnownFileType = sourcecode.swift; path = StreamViewController.swift; sourceTree = "<group>"; };
		59C9ACA519A95137008FCC3D /* TweetCell.swift */ = {isa = PBXFileReference; fileEncoding = 4; lastKnownFileType = sourcecode.swift; path = TweetCell.swift; sourceTree = "<group>"; };
		59D82CA21A89DC7900C52294 /* WebHolderViewController.swift */ = {isa = PBXFileReference; fileEncoding = 4; lastKnownFileType = sourcecode.swift; path = WebHolderViewController.swift; sourceTree = "<group>"; };
		59E90E3A19A17A0B00CD0DB8 /* TwitterUser.swift */ = {isa = PBXFileReference; fileEncoding = 4; lastKnownFileType = sourcecode.swift; path = TwitterUser.swift; sourceTree = "<group>"; };
		59FD15C41A87C2FF00219721 /* SwifteriOS.framework */ = {isa = PBXFileReference; lastKnownFileType = wrapper.framework; name = SwifteriOS.framework; path = "../../Library/Developer/Xcode/DerivedData/CakeBird-gmwjalifkviyhhhknkjttubreylj/Build/Products/Debug-iphoneos/SwifteriOS.framework"; sourceTree = "<group>"; };
		59FD15CA1A87C48700219721 /* LoginLandingViewController.swift */ = {isa = PBXFileReference; fileEncoding = 4; lastKnownFileType = sourcecode.swift; path = LoginLandingViewController.swift; sourceTree = "<group>"; };
/* End PBXFileReference section */

/* Begin PBXFrameworksBuildPhase section */
		592A26A5199FE8B000CC910F /* Frameworks */ = {
			isa = PBXFrameworksBuildPhase;
			buildActionMask = 2147483647;
			files = (
				5901686019A78EF400BE6472 /* Twitter.framework in Frameworks */,
				592DAE0F1A8A7BAF004B1182 /* Fabric.framework in Frameworks */,
				5901685E19A78EEF00BE6472 /* Accounts.framework in Frameworks */,
				592DAE0E1A8A7BAF004B1182 /* Crashlytics.framework in Frameworks */,
				59FD15C71A87C40F00219721 /* SwifteriOS.framework in Frameworks */,
			);
			runOnlyForDeploymentPostprocessing = 0;
		};
		592A26B7199FE8B000CC910F /* Frameworks */ = {
			isa = PBXFrameworksBuildPhase;
			buildActionMask = 2147483647;
			files = (
			);
			runOnlyForDeploymentPostprocessing = 0;
		};
/* End PBXFrameworksBuildPhase section */

/* Begin PBXGroup section */
		592A269F199FE8B000CC910F = {
			isa = PBXGroup;
			children = (
				592DAE0C1A8A7BAF004B1182 /* Crashlytics.framework */,
				592DAE0D1A8A7BAF004B1182 /* Fabric.framework */,
				59FD15C41A87C2FF00219721 /* SwifteriOS.framework */,
				5901685F19A78EF400BE6472 /* Twitter.framework */,
				5901685D19A78EEF00BE6472 /* Accounts.framework */,
				592A26AA199FE8B000CC910F /* CakeBird */,
				592A26BD199FE8B000CC910F /* CakeBirdTests */,
				592A26A9199FE8B000CC910F /* Products */,
			);
			sourceTree = "<group>";
		};
		592A26A9199FE8B000CC910F /* Products */ = {
			isa = PBXGroup;
			children = (
				592A26A8199FE8B000CC910F /* CakeBird.app */,
				592A26BA199FE8B000CC910F /* CakeBirdTests.xctest */,
			);
			name = Products;
			sourceTree = "<group>";
		};
		592A26AA199FE8B000CC910F /* CakeBird */ = {
			isa = PBXGroup;
			children = (
				598718F01A8A5C9F00EC5B8A /* Resources */,
				5901686119A7904E00BE6472 /* CakeBird-Bridging-Header.h */,
				592A26AD199FE8B000CC910F /* AppDelegate.swift */,
				592A26B4199FE8B000CC910F /* Images.xcassets */,
				592A26B1199FE8B000CC910F /* Main.storyboard */,
				59E90E3919A179FE00CD0DB8 /* Model */,
				592A26AB199FE8B000CC910F /* Supporting Files */,
				592A26CE19A0633700CC910F /* UI */,
				592A26CF19A0646C00CC910F /* Utilities */,
			);
			path = CakeBird;
			sourceTree = "<group>";
		};
		592A26AB199FE8B000CC910F /* Supporting Files */ = {
			isa = PBXGroup;
			children = (
				592A26AC199FE8B000CC910F /* Info.plist */,
			);
			name = "Supporting Files";
			sourceTree = "<group>";
		};
		592A26BD199FE8B000CC910F /* CakeBirdTests */ = {
			isa = PBXGroup;
			children = (
				592A26C0199FE8B000CC910F /* CakeBirdTests.swift */,
				592A26BE199FE8B000CC910F /* Supporting Files */,
			);
			path = CakeBirdTests;
			sourceTree = "<group>";
		};
		592A26BE199FE8B000CC910F /* Supporting Files */ = {
			isa = PBXGroup;
			children = (
				592A26BF199FE8B000CC910F /* Info.plist */,
			);
			name = "Supporting Files";
			sourceTree = "<group>";
		};
		592A26CE19A0633700CC910F /* UI */ = {
			isa = PBXGroup;
			children = (
				592A26AF199FE8B000CC910F /* LandingViewController.swift */,
				59B2133D19A8EA2200E20EC0 /* ProfileViewController.swift */,
				59C9ACA319A94D44008FCC3D /* StreamViewController.swift */,
				592A26CA19A0624700CC910F /* SuperViewController.swift */,
				59C9ACA519A95137008FCC3D /* TweetCell.swift */,
				59FD15CA1A87C48700219721 /* LoginLandingViewController.swift */,
				59D82CA21A89DC7900C52294 /* WebHolderViewController.swift */,
			);
			name = UI;
			sourceTree = "<group>";
		};
		592A26CF19A0646C00CC910F /* Utilities */ = {
			isa = PBXGroup;
			children = (
				592A26D019A0648600CC910F /* UserManager.swift */,
			);
			name = Utilities;
			sourceTree = "<group>";
		};
		598718F01A8A5C9F00EC5B8A /* Resources */ = {
			isa = PBXGroup;
			children = (
			);
			name = Resources;
			sourceTree = "<group>";
		};
		59E90E3919A179FE00CD0DB8 /* Model */ = {
			isa = PBXGroup;
			children = (
				59E90E3A19A17A0B00CD0DB8 /* TwitterUser.swift */,
				5941920319A9527900CF43FA /* Tweet.swift */,
			);
			name = Model;
			sourceTree = "<group>";
		};
/* End PBXGroup section */

/* Begin PBXNativeTarget section */
		592A26A7199FE8B000CC910F /* CakeBird */ = {
			isa = PBXNativeTarget;
			buildConfigurationList = 592A26C4199FE8B000CC910F /* Build configuration list for PBXNativeTarget "CakeBird" */;
			buildPhases = (
				592A26A4199FE8B000CC910F /* Sources */,
				592A26A5199FE8B000CC910F /* Frameworks */,
				592A26A6199FE8B000CC910F /* Resources */,
				59FD15C91A87C40F00219721 /* Embed Frameworks */,
				592DAE0B1A8A7B75004B1182 /* ShellScript */,
			);
			buildRules = (
			);
			dependencies = (
			);
			name = CakeBird;
			productName = CakeBird;
			productReference = 592A26A8199FE8B000CC910F /* CakeBird.app */;
			productType = "com.apple.product-type.application";
		};
		592A26B9199FE8B000CC910F /* CakeBirdTests */ = {
			isa = PBXNativeTarget;
			buildConfigurationList = 592A26C7199FE8B000CC910F /* Build configuration list for PBXNativeTarget "CakeBirdTests" */;
			buildPhases = (
				592A26B6199FE8B000CC910F /* Sources */,
				592A26B7199FE8B000CC910F /* Frameworks */,
				592A26B8199FE8B000CC910F /* Resources */,
			);
			buildRules = (
			);
			dependencies = (
				592A26BC199FE8B000CC910F /* PBXTargetDependency */,
			);
			name = CakeBirdTests;
			productName = CakeBirdTests;
			productReference = 592A26BA199FE8B000CC910F /* CakeBirdTests.xctest */;
			productType = "com.apple.product-type.bundle.unit-test";
		};
/* End PBXNativeTarget section */

/* Begin PBXProject section */
		592A26A0199FE8B000CC910F /* Project object */ = {
			isa = PBXProject;
			attributes = {
				LastUpgradeCheck = 0600;
				ORGANIZATIONNAME = Lyokotech;
				TargetAttributes = {
					592A26A7199FE8B000CC910F = {
						CreatedOnToolsVersion = 6.0;
						DevelopmentTeam = 9P849B5QJR;
					};
					592A26B9199FE8B000CC910F = {
						CreatedOnToolsVersion = 6.0;
						TestTargetID = 592A26A7199FE8B000CC910F;
					};
				};
			};
			buildConfigurationList = 592A26A3199FE8B000CC910F /* Build configuration list for PBXProject "CakeBird" */;
			compatibilityVersion = "Xcode 3.2";
			developmentRegion = English;
			hasScannedForEncodings = 0;
			knownRegions = (
				en,
				Base,
			);
			mainGroup = 592A269F199FE8B000CC910F;
			productRefGroup = 592A26A9199FE8B000CC910F /* Products */;
			projectDirPath = "";
			projectRoot = "";
			targets = (
				592A26A7199FE8B000CC910F /* CakeBird */,
				592A26B9199FE8B000CC910F /* CakeBirdTests */,
			);
		};
/* End PBXProject section */

/* Begin PBXResourcesBuildPhase section */
		592A26A6199FE8B000CC910F /* Resources */ = {
			isa = PBXResourcesBuildPhase;
			buildActionMask = 2147483647;
			files = (
				592A26B3199FE8B000CC910F /* Main.storyboard in Resources */,
				592A26B5199FE8B000CC910F /* Images.xcassets in Resources */,
			);
			runOnlyForDeploymentPostprocessing = 0;
		};
		592A26B8199FE8B000CC910F /* Resources */ = {
			isa = PBXResourcesBuildPhase;
			buildActionMask = 2147483647;
			files = (
			);
			runOnlyForDeploymentPostprocessing = 0;
		};
/* End PBXResourcesBuildPhase section */

/* Begin PBXShellScriptBuildPhase section */
		592DAE0B1A8A7B75004B1182 /* ShellScript */ = {
			isa = PBXShellScriptBuildPhase;
			buildActionMask = 2147483647;
			files = (
			);
			inputPaths = (
			);
			outputPaths = (
			);
			runOnlyForDeploymentPostprocessing = 0;
			shellPath = /bin/sh;
			shellScript = "./Fabric.framework/run 35e433c544741f44c01b91105fb0a368a512d639 6b78b99667d7b8bc57207193a9412040e3e98418e35babaa71109c9c5920ecb6";
		};
/* End PBXShellScriptBuildPhase section */

/* Begin PBXSourcesBuildPhase section */
		592A26A4199FE8B000CC910F /* Sources */ = {
			isa = PBXSourcesBuildPhase;
			buildActionMask = 2147483647;
			files = (
				59B2133E19A8EA2200E20EC0 /* ProfileViewController.swift in Sources */,
				59E90E3B19A17A0B00CD0DB8 /* TwitterUser.swift in Sources */,
				59FD15CB1A87C48700219721 /* LoginLandingViewController.swift in Sources */,
				59D82CA31A89DC7900C52294 /* WebHolderViewController.swift in Sources */,
				592A26B0199FE8B000CC910F /* LandingViewController.swift in Sources */,
				5941920419A9527900CF43FA /* Tweet.swift in Sources */,
				59C9ACA619A95137008FCC3D /* TweetCell.swift in Sources */,
				592A26CB19A0624700CC910F /* SuperViewController.swift in Sources */,
				592A26D119A0648600CC910F /* UserManager.swift in Sources */,
				592A26AE199FE8B000CC910F /* AppDelegate.swift in Sources */,
				59C9ACA419A94D44008FCC3D /* StreamViewController.swift in Sources */,
			);
			runOnlyForDeploymentPostprocessing = 0;
		};
		592A26B6199FE8B000CC910F /* Sources */ = {
			isa = PBXSourcesBuildPhase;
			buildActionMask = 2147483647;
			files = (
				592A26C1199FE8B000CC910F /* CakeBirdTests.swift in Sources */,
			);
			runOnlyForDeploymentPostprocessing = 0;
		};
/* End PBXSourcesBuildPhase section */

/* Begin PBXTargetDependency section */
		592A26BC199FE8B000CC910F /* PBXTargetDependency */ = {
			isa = PBXTargetDependency;
			target = 592A26A7199FE8B000CC910F /* CakeBird */;
			targetProxy = 592A26BB199FE8B000CC910F /* PBXContainerItemProxy */;
		};
/* End PBXTargetDependency section */

/* Begin PBXVariantGroup section */
		592A26B1199FE8B000CC910F /* Main.storyboard */ = {
			isa = PBXVariantGroup;
			children = (
				592A26B2199FE8B000CC910F /* Base */,
			);
			name = Main.storyboard;
			sourceTree = "<group>";
		};
/* End PBXVariantGroup section */

/* Begin XCBuildConfiguration section */
		592A26C2199FE8B000CC910F /* Debug */ = {
			isa = XCBuildConfiguration;
			buildSettings = {
				ALWAYS_SEARCH_USER_PATHS = NO;
				CLANG_CXX_LANGUAGE_STANDARD = "gnu++0x";
				CLANG_CXX_LIBRARY = "libc++";
				CLANG_ENABLE_MODULES = YES;
				CLANG_ENABLE_OBJC_ARC = YES;
				CLANG_WARN_BOOL_CONVERSION = YES;
				CLANG_WARN_CONSTANT_CONVERSION = YES;
				CLANG_WARN_DIRECT_OBJC_ISA_USAGE = YES_ERROR;
				CLANG_WARN_EMPTY_BODY = YES;
				CLANG_WARN_ENUM_CONVERSION = YES;
				CLANG_WARN_INT_CONVERSION = YES;
				CLANG_WARN_OBJC_ROOT_CLASS = YES_ERROR;
				CLANG_WARN_UNREACHABLE_CODE = YES;
				CLANG_WARN__DUPLICATE_METHOD_MATCH = YES;
				"CODE_SIGN_IDENTITY[sdk=iphoneos*]" = "iPhone Developer";
				COPY_PHASE_STRIP = NO;
				ENABLE_STRICT_OBJC_MSGSEND = YES;
				GCC_C_LANGUAGE_STANDARD = gnu99;
				GCC_DYNAMIC_NO_PIC = NO;
				GCC_OPTIMIZATION_LEVEL = 0;
				GCC_PREPROCESSOR_DEFINITIONS = (
					"DEBUG=1",
					"$(inherited)",
				);
				GCC_SYMBOLS_PRIVATE_EXTERN = NO;
				GCC_WARN_64_TO_32_BIT_CONVERSION = YES;
				GCC_WARN_ABOUT_RETURN_TYPE = YES_ERROR;
				GCC_WARN_UNDECLARED_SELECTOR = YES;
				GCC_WARN_UNINITIALIZED_AUTOS = YES_AGGRESSIVE;
				GCC_WARN_UNUSED_FUNCTION = YES;
				GCC_WARN_UNUSED_VARIABLE = YES;
				IPHONEOS_DEPLOYMENT_TARGET = 8.0;
				MTL_ENABLE_DEBUG_INFO = YES;
				ONLY_ACTIVE_ARCH = YES;
				SDKROOT = iphoneos;
				SWIFT_OPTIMIZATION_LEVEL = "-Onone";
			};
			name = Debug;
		};
		592A26C3199FE8B000CC910F /* Release */ = {
			isa = XCBuildConfiguration;
			buildSettings = {
				ALWAYS_SEARCH_USER_PATHS = NO;
				CLANG_CXX_LANGUAGE_STANDARD = "gnu++0x";
				CLANG_CXX_LIBRARY = "libc++";
				CLANG_ENABLE_MODULES = YES;
				CLANG_ENABLE_OBJC_ARC = YES;
				CLANG_WARN_BOOL_CONVERSION = YES;
				CLANG_WARN_CONSTANT_CONVERSION = YES;
				CLANG_WARN_DIRECT_OBJC_ISA_USAGE = YES_ERROR;
				CLANG_WARN_EMPTY_BODY = YES;
				CLANG_WARN_ENUM_CONVERSION = YES;
				CLANG_WARN_INT_CONVERSION = YES;
				CLANG_WARN_OBJC_ROOT_CLASS = YES_ERROR;
				CLANG_WARN_UNREACHABLE_CODE = YES;
				CLANG_WARN__DUPLICATE_METHOD_MATCH = YES;
				"CODE_SIGN_IDENTITY[sdk=iphoneos*]" = "iPhone Developer";
				COPY_PHASE_STRIP = YES;
				ENABLE_NS_ASSERTIONS = NO;
				ENABLE_STRICT_OBJC_MSGSEND = YES;
				GCC_C_LANGUAGE_STANDARD = gnu99;
				GCC_WARN_64_TO_32_BIT_CONVERSION = YES;
				GCC_WARN_ABOUT_RETURN_TYPE = YES_ERROR;
				GCC_WARN_UNDECLARED_SELECTOR = YES;
				GCC_WARN_UNINITIALIZED_AUTOS = YES_AGGRESSIVE;
				GCC_WARN_UNUSED_FUNCTION = YES;
				GCC_WARN_UNUSED_VARIABLE = YES;
				IPHONEOS_DEPLOYMENT_TARGET = 8.0;
				MTL_ENABLE_DEBUG_INFO = NO;
				SDKROOT = iphoneos;
				VALIDATE_PRODUCT = YES;
			};
			name = Release;
		};
		592A26C5199FE8B000CC910F /* Debug */ = {
			isa = XCBuildConfiguration;
			buildSettings = {
				ASSETCATALOG_COMPILER_APPICON_NAME = AppIcon;
				ASSETCATALOG_COMPILER_LAUNCHIMAGE_NAME = LaunchImage;
				CLANG_ENABLE_MODULES = YES;
				CODE_SIGN_IDENTITY = "iPhone Developer";
				FRAMEWORK_SEARCH_PATHS = (
					"$(inherited)",
					"$(PROJECT_DIR)/Swifter/build/Debug-iphoneos",
					"$(USER_LIBRARY_DIR)/Developer/Xcode/DerivedData/CakeBird-gmwjalifkviyhhhknkjttubreylj/Build/Products/Debug-iphoneos",
					"$(PROJECT_DIR)",
				);
				INFOPLIST_FILE = CakeBird/Info.plist;
				IPHONEOS_DEPLOYMENT_TARGET = 8.1;
				LD_RUNPATH_SEARCH_PATHS = "$(inherited) @executable_path/Frameworks";
				PRODUCT_NAME = "$(TARGET_NAME)";
				SWIFT_OBJC_BRIDGING_HEADER = "CakeBird/CakeBird-Bridging-Header.h";
				SWIFT_OPTIMIZATION_LEVEL = "-Onone";
				TARGETED_DEVICE_FAMILY = 1;
			};
			name = Debug;
		};
		592A26C6199FE8B000CC910F /* Release */ = {
			isa = XCBuildConfiguration;
			buildSettings = {
				ASSETCATALOG_COMPILER_APPICON_NAME = AppIcon;
				ASSETCATALOG_COMPILER_LAUNCHIMAGE_NAME = LaunchImage;
				CLANG_ENABLE_MODULES = YES;
				CODE_SIGN_IDENTITY = "iPhone Developer";
				FRAMEWORK_SEARCH_PATHS = (
					"$(inherited)",
					"$(PROJECT_DIR)/Swifter/build/Debug-iphoneos",
					"$(USER_LIBRARY_DIR)/Developer/Xcode/DerivedData/CakeBird-gmwjalifkviyhhhknkjttubreylj/Build/Products/Debug-iphoneos",
					"$(PROJECT_DIR)",
				);
				INFOPLIST_FILE = CakeBird/Info.plist;
				IPHONEOS_DEPLOYMENT_TARGET = 8.1;
				LD_RUNPATH_SEARCH_PATHS = "$(inherited) @executable_path/Frameworks";
				PRODUCT_NAME = "$(TARGET_NAME)";
				SWIFT_OBJC_BRIDGING_HEADER = "CakeBird/CakeBird-Bridging-Header.h";
				TARGETED_DEVICE_FAMILY = 1;
			};
			name = Release;
		};
		592A26C8199FE8B000CC910F /* Debug */ = {
			isa = XCBuildConfiguration;
			buildSettings = {
				BUNDLE_LOADER = "$(TEST_HOST)";
				FRAMEWORK_SEARCH_PATHS = (
					"$(SDKROOT)/Developer/Library/Frameworks",
					"$(inherited)",
				);
				GCC_PREPROCESSOR_DEFINITIONS = (
					"DEBUG=1",
					"$(inherited)",
				);
				INFOPLIST_FILE = CakeBirdTests/Info.plist;
				LD_RUNPATH_SEARCH_PATHS = "$(inherited) @executable_path/Frameworks @loader_path/Frameworks";
				PRODUCT_NAME = "$(TARGET_NAME)";
				TEST_HOST = "$(BUILT_PRODUCTS_DIR)/CakeBird.app/CakeBird";
			};
			name = Debug;
		};
		592A26C9199FE8B000CC910F /* Release */ = {
			isa = XCBuildConfiguration;
			buildSettings = {
				BUNDLE_LOADER = "$(TEST_HOST)";
				FRAMEWORK_SEARCH_PATHS = (
					"$(SDKROOT)/Developer/Library/Frameworks",
					"$(inherited)",
				);
				INFOPLIST_FILE = CakeBirdTests/Info.plist;
				LD_RUNPATH_SEARCH_PATHS = "$(inherited) @executable_path/Frameworks @loader_path/Frameworks";
				PRODUCT_NAME = "$(TARGET_NAME)";
				TEST_HOST = "$(BUILT_PRODUCTS_DIR)/CakeBird.app/CakeBird";
			};
			name = Release;
		};
/* End XCBuildConfiguration section */

/* Begin XCConfigurationList section */
		592A26A3199FE8B000CC910F /* Build configuration list for PBXProject "CakeBird" */ = {
			isa = XCConfigurationList;
			buildConfigurations = (
				592A26C2199FE8B000CC910F /* Debug */,
				592A26C3199FE8B000CC910F /* Release */,
			);
			defaultConfigurationIsVisible = 0;
			defaultConfigurationName = Release;
		};
		592A26C4199FE8B000CC910F /* Build configuration list for PBXNativeTarget "CakeBird" */ = {
			isa = XCConfigurationList;
			buildConfigurations = (
				592A26C5199FE8B000CC910F /* Debug */,
				592A26C6199FE8B000CC910F /* Release */,
			);
			defaultConfigurationIsVisible = 0;
			defaultConfigurationName = Release;
		};
		592A26C7199FE8B000CC910F /* Build configuration list for PBXNativeTarget "CakeBirdTests" */ = {
			isa = XCConfigurationList;
			buildConfigurations = (
				592A26C8199FE8B000CC910F /* Debug */,
				592A26C9199FE8B000CC910F /* Release */,
			);
			defaultConfigurationIsVisible = 0;
			defaultConfigurationName = Release;
		};
/* End XCConfigurationList section */
	};
	rootObject = 592A26A0199FE8B000CC910F /* Project object */;
}
